// !$*UTF8*$!
{
	archiveVersion = 1;
	classes = {
	};
	objectVersion = 50;
	objects = {

/* Begin PBXBuildFile section */
		8F408BA52443E6A100A9939A /* AppDelegate.swift in Sources */ = {isa = PBXBuildFile; fileRef = 8F408BA42443E6A100A9939A /* AppDelegate.swift */; };
		8F408BA72443E6A100A9939A /* SceneDelegate.swift in Sources */ = {isa = PBXBuildFile; fileRef = 8F408BA62443E6A100A9939A /* SceneDelegate.swift */; };
		8F408BAE2443E6A300A9939A /* Assets.xcassets in Resources */ = {isa = PBXBuildFile; fileRef = 8F408BAD2443E6A300A9939A /* Assets.xcassets */; };
		8F408BB12443E6A300A9939A /* LaunchScreen.storyboard in Resources */ = {isa = PBXBuildFile; fileRef = 8F408BAF2443E6A300A9939A /* LaunchScreen.storyboard */; };
		8F408BBC2446AF4D00A9939A /* Client.swift in Sources */ = {isa = PBXBuildFile; fileRef = 8F408BBB2446AF4D00A9939A /* Client.swift */; };
		8F408BBE2446B1B000A9939A /* LoginViewController.swift in Sources */ = {isa = PBXBuildFile; fileRef = 8F408BBD2446B1B000A9939A /* LoginViewController.swift */; };
		8F408BC22446B57B00A9939A /* LoginRequest.swift in Sources */ = {isa = PBXBuildFile; fileRef = 8F408BC12446B57B00A9939A /* LoginRequest.swift */; };
		8F408BC42446B79600A9939A /* LoginResponse.swift in Sources */ = {isa = PBXBuildFile; fileRef = 8F408BC32446B79600A9939A /* LoginResponse.swift */; };
		8F408BC62446C33500A9939A /* ErrorResponse.swift in Sources */ = {isa = PBXBuildFile; fileRef = 8F408BC52446C33500A9939A /* ErrorResponse.swift */; };
		8F408BC92446C76E00A9939A /* Main.storyboard in Resources */ = {isa = PBXBuildFile; fileRef = 8F408BC72446C76E00A9939A /* Main.storyboard */; };
/* End PBXBuildFile section */

/* Begin PBXFileReference section */
		8F408BA12443E6A100A9939A /* OnTheMap.app */ = {isa = PBXFileReference; explicitFileType = wrapper.application; includeInIndex = 0; path = OnTheMap.app; sourceTree = BUILT_PRODUCTS_DIR; };
		8F408BA42443E6A100A9939A /* AppDelegate.swift */ = {isa = PBXFileReference; lastKnownFileType = sourcecode.swift; path = AppDelegate.swift; sourceTree = "<group>"; };
		8F408BA62443E6A100A9939A /* SceneDelegate.swift */ = {isa = PBXFileReference; lastKnownFileType = sourcecode.swift; path = SceneDelegate.swift; sourceTree = "<group>"; };
		8F408BAD2443E6A300A9939A /* Assets.xcassets */ = {isa = PBXFileReference; lastKnownFileType = folder.assetcatalog; path = Assets.xcassets; sourceTree = "<group>"; };
		8F408BB02443E6A300A9939A /* Base */ = {isa = PBXFileReference; lastKnownFileType = file.storyboard; name = Base; path = Base.lproj/LaunchScreen.storyboard; sourceTree = "<group>"; };
		8F408BB22443E6A300A9939A /* Info.plist */ = {isa = PBXFileReference; lastKnownFileType = text.plist.xml; path = Info.plist; sourceTree = "<group>"; };
		8F408BBB2446AF4D00A9939A /* Client.swift */ = {isa = PBXFileReference; lastKnownFileType = sourcecode.swift; path = Client.swift; sourceTree = "<group>"; };
		8F408BBD2446B1B000A9939A /* LoginViewController.swift */ = {isa = PBXFileReference; fileEncoding = 4; lastKnownFileType = sourcecode.swift; path = LoginViewController.swift; sourceTree = "<group>"; };
		8F408BC12446B57B00A9939A /* LoginRequest.swift */ = {isa = PBXFileReference; lastKnownFileType = sourcecode.swift; path = LoginRequest.swift; sourceTree = "<group>"; };
		8F408BC32446B79600A9939A /* LoginResponse.swift */ = {isa = PBXFileReference; lastKnownFileType = sourcecode.swift; path = LoginResponse.swift; sourceTree = "<group>"; };
		8F408BC52446C33500A9939A /* ErrorResponse.swift */ = {isa = PBXFileReference; lastKnownFileType = sourcecode.swift; path = ErrorResponse.swift; sourceTree = "<group>"; };
		8F408BC82446C76E00A9939A /* Base */ = {isa = PBXFileReference; lastKnownFileType = file.storyboard; name = Base; path = Base.lproj/Main.storyboard; sourceTree = "<group>"; };
/* End PBXFileReference section */

/* Begin PBXFrameworksBuildPhase section */
		8F408B9E2443E6A100A9939A /* Frameworks */ = {
			isa = PBXFrameworksBuildPhase;
			buildActionMask = 2147483647;
			files = (
			);
			runOnlyForDeploymentPostprocessing = 0;
		};
/* End PBXFrameworksBuildPhase section */

/* Begin PBXGroup section */
		8F408B982443E6A100A9939A = {
			isa = PBXGroup;
			children = (
				8F408BA42443E6A100A9939A /* AppDelegate.swift */,
				8F408BA62443E6A100A9939A /* SceneDelegate.swift */,
				8F408BA32443E6A100A9939A /* OnTheMap */,
				8F408BA22443E6A100A9939A /* Products */,
			);
			sourceTree = "<group>";
		};
		8F408BA22443E6A100A9939A /* Products */ = {
			isa = PBXGroup;
			children = (
				8F408BA12443E6A100A9939A /* OnTheMap.app */,
			);
			name = Products;
			sourceTree = "<group>";
		};
		8F408BA32443E6A100A9939A /* OnTheMap */ = {
			isa = PBXGroup;
			children = (
				8F408BB82446AF0400A9939A /* Model */,
				8F408BBA2446AF3100A9939A /* Controller */,
				8F408BB92446AF2600A9939A /* Assets */,
				8F408BB22443E6A300A9939A /* Info.plist */,
			);
			path = OnTheMap;
			sourceTree = "<group>";
		};
		8F408BB82446AF0400A9939A /* Model */ = {
			isa = PBXGroup;
			children = (
				8F408BC02446B56500A9939A /* Requests */,
				8F408BBF2446B54200A9939A /* Responses */,
				8F408BCB2446CB1B00A9939A /* Client */,
			);
			path = Model;
			sourceTree = "<group>";
		};
		8F408BB92446AF2600A9939A /* Assets */ = {
			isa = PBXGroup;
			children = (
				8F408BC72446C76E00A9939A /* Main.storyboard */,
				8F408BAD2443E6A300A9939A /* Assets.xcassets */,
				8F408BAF2443E6A300A9939A /* LaunchScreen.storyboard */,
			);
			path = Assets;
			sourceTree = "<group>";
		};
		8F408BBA2446AF3100A9939A /* Controller */ = {
			isa = PBXGroup;
			children = (
				8F408BBD2446B1B000A9939A /* LoginViewController.swift */,
			);
			path = Controller;
			sourceTree = "<group>";
		};
		8F408BBF2446B54200A9939A /* Responses */ = {
			isa = PBXGroup;
			children = (
				8F408BC32446B79600A9939A /* LoginResponse.swift */,
				8F408BC52446C33500A9939A /* ErrorResponse.swift */,
			);
			path = Responses;
			sourceTree = "<group>";
		};
		8F408BC02446B56500A9939A /* Requests */ = {
			isa = PBXGroup;
			children = (
				8F408BC12446B57B00A9939A /* LoginRequest.swift */,
			);
			path = Requests;
			sourceTree = "<group>";
		};
		8F408BCB2446CB1B00A9939A /* Client */ = {
			isa = PBXGroup;
			children = (
				8F408BBB2446AF4D00A9939A /* Client.swift */,
			);
			path = Client;
			sourceTree = "<group>";
		};
/* End PBXGroup section */

/* Begin PBXNativeTarget section */
		8F408BA02443E6A100A9939A /* OnTheMap */ = {
			isa = PBXNativeTarget;
			buildConfigurationList = 8F408BB52443E6A300A9939A /* Build configuration list for PBXNativeTarget "OnTheMap" */;
			buildPhases = (
				8F408B9D2443E6A100A9939A /* Sources */,
				8F408B9E2443E6A100A9939A /* Frameworks */,
				8F408B9F2443E6A100A9939A /* Resources */,
			);
			buildRules = (
			);
			dependencies = (
			);
			name = OnTheMap;
			productName = OnTheMap;
			productReference = 8F408BA12443E6A100A9939A /* OnTheMap.app */;
			productType = "com.apple.product-type.application";
		};
/* End PBXNativeTarget section */

/* Begin PBXProject section */
		8F408B992443E6A100A9939A /* Project object */ = {
			isa = PBXProject;
			attributes = {
				LastSwiftUpdateCheck = 1140;
				LastUpgradeCheck = 1140;
				ORGANIZATIONNAME = "Ewe Cat Productions";
				TargetAttributes = {
					8F408BA02443E6A100A9939A = {
						CreatedOnToolsVersion = 11.4;
					};
				};
			};
			buildConfigurationList = 8F408B9C2443E6A100A9939A /* Build configuration list for PBXProject "OnTheMap" */;
			compatibilityVersion = "Xcode 9.3";
			developmentRegion = en;
			hasScannedForEncodings = 0;
			knownRegions = (
				en,
				Base,
			);
			mainGroup = 8F408B982443E6A100A9939A;
			productRefGroup = 8F408BA22443E6A100A9939A /* Products */;
			projectDirPath = "";
			projectRoot = "";
			targets = (
				8F408BA02443E6A100A9939A /* OnTheMap */,
			);
		};
/* End PBXProject section */

/* Begin PBXResourcesBuildPhase section */
		8F408B9F2443E6A100A9939A /* Resources */ = {
			isa = PBXResourcesBuildPhase;
			buildActionMask = 2147483647;
			files = (
				8F408BC92446C76E00A9939A /* Main.storyboard in Resources */,
				8F408BB12443E6A300A9939A /* LaunchScreen.storyboard in Resources */,
				8F408BAE2443E6A300A9939A /* Assets.xcassets in Resources */,
			);
			runOnlyForDeploymentPostprocessing = 0;
		};
/* End PBXResourcesBuildPhase section */

/* Begin PBXSourcesBuildPhase section */
		8F408B9D2443E6A100A9939A /* Sources */ = {
			isa = PBXSourcesBuildPhase;
			buildActionMask = 2147483647;
			files = (
				8F408BBE2446B1B000A9939A /* LoginViewController.swift in Sources */,
				8F408BA52443E6A100A9939A /* AppDelegate.swift in Sources */,
				8F408BC42446B79600A9939A /* LoginResponse.swift in Sources */,
				8F408BBC2446AF4D00A9939A /* Client.swift in Sources */,
				8F408BC22446B57B00A9939A /* LoginRequest.swift in Sources */,
				8F408BA72443E6A100A9939A /* SceneDelegate.swift in Sources */,
				8F408BC62446C33500A9939A /* ErrorResponse.swift in Sources */,
			);
			runOnlyForDeploymentPostprocessing = 0;
		};
/* End PBXSourcesBuildPhase section */

/* Begin PBXVariantGroup section */
		8F408BAF2443E6A300A9939A /* LaunchScreen.storyboard */ = {
			isa = PBXVariantGroup;
			children = (
				8F408BB02443E6A300A9939A /* Base */,
			);
			name = LaunchScreen.storyboard;
			sourceTree = "<group>";
		};
		8F408BC72446C76E00A9939A /* Main.storyboard */ = {
			isa = PBXVariantGroup;
			children = (
				8F408BC82446C76E00A9939A /* Base */,
			);
			name = Main.storyboard;
			sourceTree = "<group>";
		};
/* End PBXVariantGroup section */

/* Begin XCBuildConfiguration section */
		8F408BB32443E6A300A9939A /* Debug */ = {
			isa = XCBuildConfiguration;
			buildSettings = {
				ALWAYS_SEARCH_USER_PATHS = NO;
				CLANG_ANALYZER_NONNULL = YES;
				CLANG_ANALYZER_NUMBER_OBJECT_CONVERSION = YES_AGGRESSIVE;
				CLANG_CXX_LANGUAGE_STANDARD = "gnu++14";
				CLANG_CXX_LIBRARY = "libc++";
				CLANG_ENABLE_MODULES = YES;
				CLANG_ENABLE_OBJC_ARC = YES;
				CLANG_ENABLE_OBJC_WEAK = YES;
				CLANG_WARN_BLOCK_CAPTURE_AUTORELEASING = YES;
				CLANG_WARN_BOOL_CONVERSION = YES;
				CLANG_WARN_COMMA = YES;
				CLANG_WARN_CONSTANT_CONVERSION = YES;
				CLANG_WARN_DEPRECATED_OBJC_IMPLEMENTATIONS = YES;
				CLANG_WARN_DIRECT_OBJC_ISA_USAGE = YES_ERROR;
				CLANG_WARN_DOCUMENTATION_COMMENTS = YES;
				CLANG_WARN_EMPTY_BODY = YES;
				CLANG_WARN_ENUM_CONVERSION = YES;
				CLANG_WARN_INFINITE_RECURSION = YES;
				CLANG_WARN_INT_CONVERSION = YES;
				CLANG_WARN_NON_LITERAL_NULL_CONVERSION = YES;
				CLANG_WARN_OBJC_IMPLICIT_RETAIN_SELF = YES;
				CLANG_WARN_OBJC_LITERAL_CONVERSION = YES;
				CLANG_WARN_OBJC_ROOT_CLASS = YES_ERROR;
				CLANG_WARN_RANGE_LOOP_ANALYSIS = YES;
				CLANG_WARN_STRICT_PROTOTYPES = YES;
				CLANG_WARN_SUSPICIOUS_MOVE = YES;
				CLANG_WARN_UNGUARDED_AVAILABILITY = YES_AGGRESSIVE;
				CLANG_WARN_UNREACHABLE_CODE = YES;
				CLANG_WARN__DUPLICATE_METHOD_MATCH = YES;
				COPY_PHASE_STRIP = NO;
				DEBUG_INFORMATION_FORMAT = dwarf;
				ENABLE_STRICT_OBJC_MSGSEND = YES;
				ENABLE_TESTABILITY = YES;
				GCC_C_LANGUAGE_STANDARD = gnu11;
				GCC_DYNAMIC_NO_PIC = NO;
				GCC_NO_COMMON_BLOCKS = YES;
				GCC_OPTIMIZATION_LEVEL = 0;
				GCC_PREPROCESSOR_DEFINITIONS = (
					"DEBUG=1",
					"$(inherited)",
				);
				GCC_WARN_64_TO_32_BIT_CONVERSION = YES;
				GCC_WARN_ABOUT_RETURN_TYPE = YES_ERROR;
				GCC_WARN_UNDECLARED_SELECTOR = YES;
				GCC_WARN_UNINITIALIZED_AUTOS = YES_AGGRESSIVE;
				GCC_WARN_UNUSED_FUNCTION = YES;
				GCC_WARN_UNUSED_VARIABLE = YES;
				IPHONEOS_DEPLOYMENT_TARGET = 13.4;
				MTL_ENABLE_DEBUG_INFO = INCLUDE_SOURCE;
				MTL_FAST_MATH = YES;
				ONLY_ACTIVE_ARCH = YES;
				SDKROOT = iphoneos;
				SWIFT_ACTIVE_COMPILATION_CONDITIONS = DEBUG;
				SWIFT_OPTIMIZATION_LEVEL = "-Onone";
			};
			name = Debug;
		};
		8F408BB42443E6A300A9939A /* Release */ = {
			isa = XCBuildConfiguration;
			buildSettings = {
				ALWAYS_SEARCH_USER_PATHS = NO;
				CLANG_ANALYZER_NONNULL = YES;
				CLANG_ANALYZER_NUMBER_OBJECT_CONVERSION = YES_AGGRESSIVE;
				CLANG_CXX_LANGUAGE_STANDARD = "gnu++14";
				CLANG_CXX_LIBRARY = "libc++";
				CLANG_ENABLE_MODULES = YES;
				CLANG_ENABLE_OBJC_ARC = YES;
				CLANG_ENABLE_OBJC_WEAK = YES;
				CLANG_WARN_BLOCK_CAPTURE_AUTORELEASING = YES;
				CLANG_WARN_BOOL_CONVERSION = YES;
				CLANG_WARN_COMMA = YES;
				CLANG_WARN_CONSTANT_CONVERSION = YES;
				CLANG_WARN_DEPRECATED_OBJC_IMPLEMENTATIONS = YES;
				CLANG_WARN_DIRECT_OBJC_ISA_USAGE = YES_ERROR;
				CLANG_WARN_DOCUMENTATION_COMMENTS = YES;
				CLANG_WARN_EMPTY_BODY = YES;
				CLANG_WARN_ENUM_CONVERSION = YES;
				CLANG_WARN_INFINITE_RECURSION = YES;
				CLANG_WARN_INT_CONVERSION = YES;
				CLANG_WARN_NON_LITERAL_NULL_CONVERSION = YES;
				CLANG_WARN_OBJC_IMPLICIT_RETAIN_SELF = YES;
				CLANG_WARN_OBJC_LITERAL_CONVERSION = YES;
				CLANG_WARN_OBJC_ROOT_CLASS = YES_ERROR;
				CLANG_WARN_RANGE_LOOP_ANALYSIS = YES;
				CLANG_WARN_STRICT_PROTOTYPES = YES;
				CLANG_WARN_SUSPICIOUS_MOVE = YES;
				CLANG_WARN_UNGUARDED_AVAILABILITY = YES_AGGRESSIVE;
				CLANG_WARN_UNREACHABLE_CODE = YES;
				CLANG_WARN__DUPLICATE_METHOD_MATCH = YES;
				COPY_PHASE_STRIP = NO;
				DEBUG_INFORMATION_FORMAT = "dwarf-with-dsym";
				ENABLE_NS_ASSERTIONS = NO;
				ENABLE_STRICT_OBJC_MSGSEND = YES;
				GCC_C_LANGUAGE_STANDARD = gnu11;
				GCC_NO_COMMON_BLOCKS = YES;
				GCC_WARN_64_TO_32_BIT_CONVERSION = YES;
				GCC_WARN_ABOUT_RETURN_TYPE = YES_ERROR;
				GCC_WARN_UNDECLARED_SELECTOR = YES;
				GCC_WARN_UNINITIALIZED_AUTOS = YES_AGGRESSIVE;
				GCC_WARN_UNUSED_FUNCTION = YES;
				GCC_WARN_UNUSED_VARIABLE = YES;
				IPHONEOS_DEPLOYMENT_TARGET = 13.4;
				MTL_ENABLE_DEBUG_INFO = NO;
				MTL_FAST_MATH = YES;
				SDKROOT = iphoneos;
				SWIFT_COMPILATION_MODE = wholemodule;
				SWIFT_OPTIMIZATION_LEVEL = "-O";
				VALIDATE_PRODUCT = YES;
			};
			name = Release;
		};
		8F408BB62443E6A300A9939A /* Debug */ = {
			isa = XCBuildConfiguration;
			buildSettings = {
				ASSETCATALOG_COMPILER_APPICON_NAME = AppIcon;
				CODE_SIGN_STYLE = Automatic;
				DEVELOPMENT_TEAM = 69A2VJ4W6D;
				INFOPLIST_FILE = OnTheMap/Info.plist;
				LD_RUNPATH_SEARCH_PATHS = (
					"$(inherited)",
					"@executable_path/Frameworks",
				);
				PRODUCT_BUNDLE_IDENTIFIER = com.ewecatproductions.OnTheMap;
				PRODUCT_NAME = "$(TARGET_NAME)";
				SWIFT_VERSION = 5.0;
				TARGETED_DEVICE_FAMILY = "1,2";
			};
			name = Debug;
		};
		8F408BB72443E6A300A9939A /* Release */ = {
			isa = XCBuildConfiguration;
			buildSettings = {
				ASSETCATALOG_COMPILER_APPICON_NAME = AppIcon;
				CODE_SIGN_STYLE = Automatic;
				DEVELOPMENT_TEAM = 69A2VJ4W6D;
				INFOPLIST_FILE = OnTheMap/Info.plist;
				LD_RUNPATH_SEARCH_PATHS = (
					"$(inherited)",
					"@executable_path/Frameworks",
				);
				PRODUCT_BUNDLE_IDENTIFIER = com.ewecatproductions.OnTheMap;
				PRODUCT_NAME = "$(TARGET_NAME)";
				SWIFT_VERSION = 5.0;
				TARGETED_DEVICE_FAMILY = "1,2";
			};
			name = Release;
		};
/* End XCBuildConfiguration section */

/* Begin XCConfigurationList section */
		8F408B9C2443E6A100A9939A /* Build configuration list for PBXProject "OnTheMap" */ = {
			isa = XCConfigurationList;
			buildConfigurations = (
				8F408BB32443E6A300A9939A /* Debug */,
				8F408BB42443E6A300A9939A /* Release */,
			);
			defaultConfigurationIsVisible = 0;
			defaultConfigurationName = Release;
		};
		8F408BB52443E6A300A9939A /* Build configuration list for PBXNativeTarget "OnTheMap" */ = {
			isa = XCConfigurationList;
			buildConfigurations = (
				8F408BB62443E6A300A9939A /* Debug */,
				8F408BB72443E6A300A9939A /* Release */,
			);
			defaultConfigurationIsVisible = 0;
			defaultConfigurationName = Release;
		};
/* End XCConfigurationList section */
	};
	rootObject = 8F408B992443E6A100A9939A /* Project object */;
}
